{
  "projects": [
    {
      "projectId": "ajSivLPSEyA3aicjrEqcMM",
      "version": "latest",
      "dependencies": {},
      "lang": "js",
      "fileLocks": [
        {
          "type": "globalVariant",
          "assetId": "Jf6fV4vwSlEHz",
          "checksum": "f4d50355334abe736d87b324d293df68"
        },
        {
          "type": "renderModule",
          "assetId": "-cYtUwdCKcu4aR",
          "checksum": "8147d545fee9f6791ac002edfcd8c61f"
        },
        {
          "type": "cssRules",
          "assetId": "-cYtUwdCKcu4aR",
          "checksum": "8147d545fee9f6791ac002edfcd8c61f"
        },
        {
          "type": "renderModule",
          "assetId": "xIlhGXFJi7gxml",
          "checksum": "bb821d12387fe885374e0cb89d7b9932"
        },
        {
          "type": "cssRules",
          "assetId": "xIlhGXFJi7gxml",
          "checksum": "bb821d12387fe885374e0cb89d7b9932"
        },
        {
          "type": "renderModule",
          "assetId": "AT6zfNYiNNKwmb",
          "checksum": "d725a691e5d64baf40c8c53b759ff91f"
        },
        {
          "type": "cssRules",
          "assetId": "AT6zfNYiNNKwmb",
          "checksum": "d725a691e5d64baf40c8c53b759ff91f"
        },
        {
          "type": "renderModule",
          "assetId": "5wT6ASM6pVKBV",
          "checksum": "a257c996c3b4f441a5e7db12ec5f9684"
        },
        {
          "type": "cssRules",
          "assetId": "5wT6ASM6pVKBV",
          "checksum": "a257c996c3b4f441a5e7db12ec5f9684"
        },
        {
          "type": "renderModule",
          "assetId": "I-9R3PAlHbum7",
          "checksum": "e44ef562040de93ec6c35b311686e002"
        },
        {
          "type": "cssRules",
          "assetId": "I-9R3PAlHbum7",
          "checksum": "e44ef562040de93ec6c35b311686e002"
        },
        {
          "type": "renderModule",
          "assetId": "UUdw-zp8TvWQc",
          "checksum": "ec120cafa7f3a22bf5805ee3f62c42bc"
        },
        {
          "type": "cssRules",
          "assetId": "UUdw-zp8TvWQc",
          "checksum": "ec120cafa7f3a22bf5805ee3f62c42bc"
        },
        {
          "type": "renderModule",
          "assetId": "mdoUGzJrsxpyi",
          "checksum": "f5b6cb630ccd03f4dc267e4d6ab2689b"
        },
        {
          "type": "cssRules",
          "assetId": "mdoUGzJrsxpyi",
          "checksum": "f5b6cb630ccd03f4dc267e4d6ab2689b"
        },
        {
          "type": "renderModule",
          "assetId": "wtR1cNL3-xgah",
          "checksum": "335061295a01a03ab312100515b1cfb6"
        },
        {
          "type": "cssRules",
          "assetId": "wtR1cNL3-xgah",
          "checksum": "335061295a01a03ab312100515b1cfb6"
        },
        {
          "type": "renderModule",
          "assetId": "WXVSFJ6F_VRtx",
          "checksum": "ef3ecd16a3877aa7ff8467e9c15fcc33"
        },
        {
          "type": "cssRules",
          "assetId": "WXVSFJ6F_VRtx",
          "checksum": "ef3ecd16a3877aa7ff8467e9c15fcc33"
        },
        {
          "type": "renderModule",
          "assetId": "G_Ak2YrPD5H3-",
          "checksum": "63c1d1683a19ee7dd788ad15be90ab13"
        },
        {
          "type": "cssRules",
          "assetId": "G_Ak2YrPD5H3-",
          "checksum": "63c1d1683a19ee7dd788ad15be90ab13"
        },
        {
          "type": "renderModule",
          "assetId": "Ib5gwGrUlENTj",
          "checksum": "d2678eb03277d60c4daf069de7317b84"
        },
        {
          "type": "cssRules",
          "assetId": "Ib5gwGrUlENTj",
          "checksum": "d2678eb03277d60c4daf069de7317b84"
        },
        {
          "type": "icon",
          "assetId": "jSj2kqnaq-EgBB",
          "checksum": "d2bb36a0e8d73fd5372b899a4a214c57"
        },
        {
          "type": "icon",
          "assetId": "ap7YPcyN6vgnqa",
          "checksum": "a1da9d691e49216034f683eac4152012"
        },
        {
          "type": "icon",
          "assetId": "yKrlJoMsAvIghK",
          "checksum": "6dd3db298285295be28f35bdfd16a180"
        },
        {
          "type": "icon",
          "assetId": "8raV9qYmZZHWtL",
          "checksum": "87ab2141d02e2fa6d8970804faee7886"
        },
        {
          "type": "icon",
          "assetId": "mezP8xNLEleDJw",
          "checksum": "62e7740d686cec996d10c473d4c43cc0"
        },
        {
          "type": "icon",
          "assetId": "IZMmcWZmYA0Z9U",
          "checksum": "b0d467f2419026aa15055e27a75c4fd5"
        },
        {
          "type": "icon",
          "assetId": "JLJMdOm-5xE7vu",
          "checksum": "d503935f910f0d46de5e316a4918fade"
        },
        {
          "type": "icon",
          "assetId": "WtjvY5cWB9pa8U",
          "checksum": "3fa651e86ebc9158ca058c1c5289a505"
        },
        {
          "type": "icon",
          "assetId": "G3NvM4PKn1RWwy",
          "checksum": "2263b829c86932e2498426c30b59f6db"
        },
        {
          "type": "icon",
          "assetId": "sTJHFqhE8qgOOD",
          "checksum": "37a54551d24b3807dc122e4e02fabe54"
        },
        {
          "type": "icon",
          "assetId": "blMjscxso8QGzy",
          "checksum": "6a8132ea9d862de22ef7a4368b395cea"
        },
        {
          "type": "icon",
          "assetId": "yfHv0WRJ4HQNOV",
          "checksum": "e71ed7328e1801d6b7908b8b0841fd09"
        },
        {
          "type": "icon",
          "assetId": "YxOnwhw3sYoAIm",
          "checksum": "de361a72969d61663e7c98767ecc512c"
        },
        {
          "type": "icon",
          "assetId": "BM8tWScVWyeU0i",
          "checksum": "8a09b95881299a4c5fe76a76819e78eb"
        },
        {
          "type": "icon",
          "assetId": "hOmBPXf5F6FG8c",
          "checksum": "28c91611d9d749277761849e96addc14"
        },
        {
          "type": "icon",
          "assetId": "sA8BBUZCKUtNSp",
          "checksum": "06d42a75466de6d8e7de4f1e036de9af"
        },
        {
          "type": "icon",
          "assetId": "qocVD52ob0A8nJ",
          "checksum": "06d1450e1a6bb8b357914e157b2cbbad"
        },
        {
          "type": "icon",
          "assetId": "szRYNuaEkLxA27",
          "checksum": "90684b764ff79882f362c076241f8d3e"
        },
        {
          "type": "icon",
          "assetId": "vUz4wp6nW2CNLL",
          "checksum": "cbf98316e007c34c464492fa805b2f48"
        },
        {
          "type": "icon",
          "assetId": "J-dULpUoY0aNd8",
          "checksum": "3a35409369421a0ff998f81252664801"
        },
        {
          "type": "icon",
          "assetId": "bX6Fmep2HbrJ5u",
          "checksum": "f6e61c29de31eab78a57988fd8ea3e2e"
        },
        {
          "type": "icon",
          "assetId": "jqsdHKqHx71qw6",
          "checksum": "cb53667b96333babc5d6d3ddd201cce7"
        },
        {
          "type": "icon",
          "assetId": "9YmLprjPUf46Us",
          "checksum": "36b79f8d2bc5f68dae3cc4e7b4c3d392"
        },
        {
          "type": "icon",
          "assetId": "wYRmJVm99Kk5vv",
          "checksum": "36b626ee8acc85d9c7688d33ecf4180a"
        },
        {
          "type": "icon",
          "assetId": "EjsSEG5azUQnVr",
          "checksum": "6ed37e2390130086336d56b274d8d646"
        },
        {
          "type": "icon",
          "assetId": "ynQq6MxmxAvBeN",
          "checksum": "1ed3d20aef3e7560ad2bc0a0ca220aa5"
        },
        {
          "type": "icon",
          "assetId": "r91o6qeul5xz2Y",
          "checksum": "614f6a6870b4c0f246db5b07acb87bb5"
        },
        {
          "type": "icon",
          "assetId": "_V3cYxG7zRJMNP",
          "checksum": "8674aef13d781b3e6ac47cfbd2cb3ad6"
        },
        {
          "type": "icon",
          "assetId": "hS2m-18ejrFuWW",
          "checksum": "6fe5e6e628aaa3dd5559409c6f6dd408"
        },
        {
          "type": "icon",
          "assetId": "PVUdzvoQZTJ_-g",
          "checksum": "387fde2d2d2ff42610206e0f3b48637a"
        },
        {
          "type": "icon",
          "assetId": "pBAdJ5lsWsYelZ",
          "checksum": "8ff82a4ba27054994006afcfcb748807"
        },
        {
          "type": "icon",
          "assetId": "l1_TI8jBG8Tt_h",
          "checksum": "f46492ea157d7e59839438858d337aaf"
        },
        {
          "type": "icon",
          "assetId": "sg1wI-1DAKCq_K",
          "checksum": "a8d804793cb034e097d062c2c3fcd622"
        },
        {
          "type": "icon",
          "assetId": "7_y9Xrfy7um436",
          "checksum": "a134200facde61adfb3c0cc3c89f169c"
        },
        {
          "type": "icon",
          "assetId": "C1wQAHxb-bhimv",
          "checksum": "009b136b4421fc96031de30f8f373b64"
        },
        {
          "type": "icon",
          "assetId": "96lYmFzyEzJ47l",
          "checksum": "c69b04987357c6926de28d67902e0c59"
        },
        {
          "type": "icon",
          "assetId": "NGYNf4GV6dZCZr",
          "checksum": "1f5b719fc8e495765c9c0305b79bedd0"
        },
        {
          "type": "icon",
          "assetId": "yTW3WHHvL1Sa96",
          "checksum": "bf7b3580f1f0b4a23e582c18ea0a61dc"
        },
        {
          "type": "icon",
          "assetId": "YNPQWSZis2grCm",
          "checksum": "c6deac0bd78ee5b8f963d8c52f58cf27"
        },
        {
          "type": "image",
          "assetId": "RT79HeLl7HG_IS",
          "checksum": "65c8b23ace393b6b54743a00171f5d21"
        },
        {
          "type": "image",
          "assetId": "SaRN4aDMIbnivz",
          "checksum": "db04c9a2384cba634c22e774a7a9bb6e"
        },
        {
          "type": "image",
          "assetId": "0n8BY0AeXykEfJ",
          "checksum": "1450014b3a107c269a67beaf631e55f2"
        },
        {
          "type": "image",
          "assetId": "F6OWJxhBJUSXgs",
          "checksum": "f717696ef67aca1a3616225f8b88d148"
        },
        {
          "type": "image",
          "assetId": "_RMriHesJvfTrc",
          "checksum": "cd1c079dd5a613699245c5ac1b8be2f9"
        },
        {
          "type": "image",
          "assetId": "hPCee82vmHRyFI",
          "checksum": "19f47cb3410df6bb6e135f27d878a856"
        },
        {
          "type": "image",
          "assetId": "wPBapzPER28enm",
          "checksum": "0b731ae2f860a82417cc2915d3a9ea77"
        },
        {
          "type": "image",
          "assetId": "HvN0MzVe_oomFN",
          "checksum": "b9c96ad2ed85cd2e9f5d272677e949b1"
        },
        {
          "type": "image",
          "assetId": "ykoQ5cO6-RQJ0X",
          "checksum": "8eb6ae40ba63004a062e4c60c83896fa"
        },
        {
          "type": "image",
          "assetId": "G-hf9Z1VoVRrf4",
          "checksum": "61289daffefde95907b611ff3725a176"
        },
        {
          "type": "image",
          "assetId": "GxDVk0lvoO-fNR",
          "checksum": "44be2d3c00f916b56bb7b6491e29e305"
        },
        {
          "type": "image",
          "assetId": "FnIEj8VR8jrT90",
          "checksum": "37af451e3263b6743f2d210ab10f6260"
        },
        {
          "type": "image",
          "assetId": "FwUKQw1OR13qtS",
          "checksum": "5ab724af91dcc47663aa5291f1d30020"
        },
        {
          "type": "image",
          "assetId": "vKUL5VCPp19WhG",
          "checksum": "cef349639b11a47df673ee5fb1f702c1"
        },
        {
          "type": "image",
          "assetId": "NoT3v-luBreuqh",
          "checksum": "0fcf312afeefe92247d7413ed43a04d4"
        },
        {
          "type": "image",
          "assetId": "02FnhfSl3A3XRh",
          "checksum": "312ab4744f09ed109ae20c41e803adc1"
        },
        {
          "type": "image",
          "assetId": "7giVcM9Mxz7Ih9",
          "checksum": "07a8d6802246361cb07b6d1ab2104300"
        },
        {
          "type": "image",
          "assetId": "olTVL1tRshDhy4",
          "checksum": "553acc2c6c2f8866fbc1159893d99cfd"
        },
        {
          "type": "image",
          "assetId": "IKfii-vGZh9NLO",
          "checksum": "897c92cfccb277ff5e5b059900811bd6"
        },
        {
          "type": "image",
          "assetId": "Mf3q9LvecC65By",
          "checksum": "f58c089210b1fae5a1593bf6eb7e7959"
        },
        {
          "type": "image",
          "assetId": "wx9ywSuFVi6XmR",
          "checksum": "198b41862b388f2f9b04a906423204eb"
        },
        {
          "type": "image",
          "assetId": "tpdddWa0oAyMCt",
          "checksum": "4d1238f972a4008c500701270c96e1eb"
        },
        {
          "type": "image",
          "assetId": "O9rzVeyAJVW4zs",
          "checksum": "add81bebd7bf0e86ddebde9c7d557e8d"
        },
        {
          "type": "image",
          "assetId": "WFvVNkczlxBYDn",
          "checksum": "fab94bba178afcb642dbe1cf4312f8b1"
        },
        {
          "type": "image",
          "assetId": "-FY1z7cYDiKszf",
          "checksum": "75f1935986467aa049aeda3a240fbc07"
        },
        {
          "type": "image",
          "assetId": "qPVq_67w3qbrpX",
          "checksum": "3c2c08ed18fa9722f18db9c94ba68b39"
        },
        {
          "type": "image",
          "assetId": "cT9R8ninFV7IFd",
          "checksum": "7b74b58e316b4520c605ad0d35afcb6f"
        },
        {
          "type": "image",
          "assetId": "UlBDKVrs9CGxWe",
          "checksum": "a0adb24d843b51c25034b5035a8c143d"
        },
        {
          "type": "image",
          "assetId": "VzAlsklnyQeLuJ",
          "checksum": "6f601b338ad67cd250e73d2d409a400a"
        },
        {
          "type": "image",
          "assetId": "7EpIpl1m1Bj9tT",
          "checksum": "be75400d6e18041c76eaf74a86b597bd"
        },
        {
          "type": "image",
          "assetId": "czFIIEbdETyvEs",
          "checksum": "ef3061e079b1c45685d29f59b51f5470"
        },
        {
          "type": "image",
          "assetId": "RG6xr-zhUXcFPp",
          "checksum": "0ee7767bdc37687308f0fadf06734370"
        },
        {
          "assetId": "ajSivLPSEyA3aicjrEqcMM",
          "type": "projectCss",
          "checksum": "cd8d29d1452fc126636969e7708c7196"
        }
      ],
      "codegenVersion": "0.0.1"
    }
  ],
  "cliVersion": "0.1.178"
}
